<?xml version="1.0" encoding="utf-8"?>
<Project ToolsVersion="4.0" xmlns="http://schemas.microsoft.com/developer/msbuild/2003">
  <ItemGroup>
    <Filter Include="Source Files">
      <UniqueIdentifier>{4FC737F1-C7A5-4376-A066-2A32D752A2FF}</UniqueIdentifier>
      <Extensions>cpp;c;cc;cxx;def;odl;idl;hpj;bat;asm;asmx</Extensions>
    </Filter>
    <Filter Include="Header Files">
      <UniqueIdentifier>{93995380-89BD-4b04-88EB-625FBE52EBFB}</UniqueIdentifier>
      <Extensions>h;hh;hpp;hxx;hm;inl;inc;xsd</Extensions>
    </Filter>
    <Filter Include="Resource Files">
      <UniqueIdentifier>{67DA6AB6-F800-4c08-8B7A-83BB121AAD01}</UniqueIdentifier>
      <Extensions>rc;ico;cur;bmp;dlg;rc2;rct;bin;rgs;gif;jpg;jpeg;jpe;resx;tiff;tif;png;wav</Extensions>
    </Filter>
  </ItemGroup>
  <ItemGroup>
    <ClCompile Include="source\animation.c">
      <Filter>Source Files</Filter>
    </ClCompile>
    <ClCompile Include="source\application.c">
      <Filter>Source Files</Filter>
    </ClCompile>
    <ClCompile Include="source\camera.c">
      <Filter>Source Files</Filter>
    </ClCompile>
    <ClCompile Include="source\cJSON.c">
      <Filter>Source Files</Filter>
    </ClCompile>
    <ClCompile Include="source\clock.c">
      <Filter>Source Files</Filter>
    </ClCompile>
    <ClCompile Include="source\core.c">
      <Filter>Source Files</Filter>
    </ClCompile>
    <ClCompile Include="source\error.c">
      <Filter>Source Files</Filter>
    </ClCompile>
    <ClCompile Include="source\input.c">
      <Filter>Source Files</Filter>
    </ClCompile>
    <ClCompile Include="source\list.c">
      <Filter>Source Files</Filter>
    </ClCompile>
    <ClCompile Include="source\manager.c">
      <Filter>Source Files</Filter>
    </ClCompile>
    <ClCompile Include="source\text.c">
      <Filter>Source Files</Filter>
    </ClCompile>
    <ClCompile Include="source\texture.c">
      <Filter>Source Files</Filter>
    </ClCompile>
    <ClCompile Include="source\window.c">
      <Filter>Source Files</Filter>
    </ClCompile>
    <ClCompile Include="source\file\conf.c">
      <Filter>Source Files</Filter>
    </ClCompile>
    <ClCompile Include="source\math\vector2.c">
      <Filter>Source Files</Filter>
    </ClCompile>
    <ClCompile Include="source\state\state.c">
      <Filter>Source Files</Filter>
    </ClCompile>
    <ClCompile Include="source\widget\menu.c">
      <Filter>Source Files</Filter>
    </ClCompile>
    <ClCompile Include="source\widget\widget.c">
      <Filter>Source Files</Filter>
    </ClCompile>
    <ClCompile Include="source\widget\_widget.c">
      <Filter>Source Files</Filter>
    </ClCompile>
    <ClCompile Include="source\widget\button\button.c">
      <Filter>Source Files</Filter>
    </ClCompile>
    <ClCompile Include="source\widget\button\_button.c">
      <Filter>Source Files</Filter>
    </ClCompile>
    <ClCompile Include="source\widget\selectwidget\SelectWidget.c">
      <Filter>Source Files</Filter>
    </ClCompile>
    <ClCompile Include="source\widget\selectwidget\_SelectWidget.c">
      <Filter>Source Files</Filter>
    </ClCompile>
    <ClCompile Include="source\widget\textinput\TextInput.c">
      <Filter>Source Files</Filter>
    </ClCompile>
    <ClCompile Include="source\widget\textinput\_TextInput.c">
      <Filter>Source Files</Filter>
    </ClCompile>
  </ItemGroup>
  <ItemGroup>
    <ClInclude Include="include\Animation.h">
      <Filter>Header Files</Filter>
    </ClInclude>
    <ClInclude Include="include\Application.h">
      <Filter>Header Files</Filter>
    </ClInclude>
    <ClInclude Include="include\Camera.h">
      <Filter>Header Files</Filter>
    </ClInclude>
    <ClInclude Include="include\cJSON.h">
      <Filter>Header Files</Filter>
    </ClInclude>
    <ClInclude Include="include\Clock.h">
      <Filter>Header Files</Filter>
    </ClInclude>
    <ClInclude Include="include\Core.h">
      <Filter>Header Files</Filter>
    </ClInclude>
    <ClInclude Include="include\Error.h">
      <Filter>Header Files</Filter>
    </ClInclude>
    <ClInclude Include="include\Input.h">
      <Filter>Header Files</Filter>
    </ClInclude>
    <ClInclude Include="include\List.h">
      <Filter>Header Files</Filter>
    </ClInclude>
    <ClInclude Include="include\Manager.h">
      <Filter>Header Files</Filter>
    </ClInclude>
    <ClInclude Include="include\Start.h">
      <Filter>Header Files</Filter>
    </ClInclude>
    <ClInclude Include="include\Text.h">
      <Filter>Header Files</Filter>
    </ClInclude>
    <ClInclude Include="include\Texture.h">
      <Filter>Header Files</Filter>
    </ClInclude>
    <ClInclude Include="include\Window.h">
      <Filter>Header Files</Filter>
    </ClInclude>
    <ClInclude Include="include\file\Color.h">
      <Filter>Header Files</Filter>
    </ClInclude>
    <ClInclude Include="include\file\conf.h">
      <Filter>Header Files</Filter>
    </ClInclude>
    <ClInclude Include="include\math\Core.h">
      <Filter>Header Files</Filter>
    </ClInclude>
    <ClInclude Include="include\math\Vector2D.h">
      <Filter>Header Files</Filter>
    </ClInclude>
    <ClInclude Include="include\state\State.h">
      <Filter>Header Files</Filter>
    </ClInclude>
    <ClInclude Include="include\state\_State.h">
      <Filter>Header Files</Filter>
    </ClInclude>
    <ClInclude Include="include\widget\Menu.h">
      <Filter>Header Files</Filter>
    </ClInclude>
    <ClInclude Include="include\widget\Widget.h">
      <Filter>Header Files</Filter>
    </ClInclude>
    <ClInclude Include="include\widget\Widgets.h">
      <Filter>Header Files</Filter>
    </ClInclude>
    <ClInclude Include="include\widget\_Class.h">
      <Filter>Header Files</Filter>
    </ClInclude>
    <ClInclude Include="include\widget\_Widget.h">
      <Filter>Header Files</Filter>
    </ClInclude>
    <ClInclude Include="include\widget\button\Button.h">
      <Filter>Header Files</Filter>
    </ClInclude>
    <ClInclude Include="include\widget\button\_Button.h">
      <Filter>Header Files</Filter>
    </ClInclude>
    <ClInclude Include="include\widget\selectwidget\SelectWidget.h">
      <Filter>Header Files</Filter>
    </ClInclude>
    <ClInclude Include="include\widget\selectwidget\_SelectWidget.h">
      <Filter>Header Files</Filter>
    </ClInclude>
    <ClInclude Include="include\widget\textinput\TextInput.h">
      <Filter>Header Files</Filter>
    </ClInclude>
    <ClInclude Include="include\widget\textinput\_TextInput.h">
      <Filter>Header Files</Filter>
    </ClInclude>
  </ItemGroup>
</Project>